
Microsoft Visual Studio Solution File, Format Version 12.00
# Visual Studio Version 16
VisualStudioVersion = 16.0.29709.97
MinimumVisualStudioVersion = 10.0.40219.1
Project("{FAE04EC0-301F-11D3-BF4B-00C04F79EFBC}") = "Modas", "Modas.csproj", "{A83FFC16-B993-4D2A-ABFC-731F75AA3BE0}"
EndProject
Global
	GlobalSection(SolutionConfigurationPlatforms) = preSolution
		Debug|Any CPU = Debug|Any CPU
		Release|Any CPU = Release|Any CPU
	EndGlobalSection
	GlobalSection(ProjectConfigurationPlatforms) = postSolution
		{A83FFC16-B993-4D2A-ABFC-731F75AA3BE0}.Debug|Any CPU.ActiveCfg = Debug|Any CPU
		{A83FFC16-B993-4D2A-ABFC-731F75AA3BE0}.Debug|Any CPU.Build.0 = Debug|Any CPU
		{A83FFC16-B993-4D2A-ABFC-731F75AA3BE0}.Release|Any CPU.ActiveCfg = Release|Any CPU
		{A83FFC16-B993-4D2A-ABFC-731F75AA3BE0}.Release|Any CPU.Build.0 = Release|Any CPU
	EndGlobalSection
	GlobalSection(SolutionProperties) = preSolution
		HideSolutionNode = FALSE
	EndGlobalSection
	GlobalSection(ExtensibilityGlobals) = postSolution
		SolutionGuid = {59E031E3-DB15-4167-A70B-DFC3D2E21B1F}
	EndGlobalSection
EndGlobal
